// !$*UTF8*$!
{
	archiveVersion = 1;
	classes = {
	};
	objectVersion = 55;
	objects = {

/* Begin PBXBuildFile section */
		2391070128BDE9AB009B8D35 /* AppDelegate.swift in Sources */ = {isa = PBXBuildFile; fileRef = 2391070028BDE9AB009B8D35 /* AppDelegate.swift */; };
		2391070A28BDE9AC009B8D35 /* Assets.xcassets in Resources */ = {isa = PBXBuildFile; fileRef = 2391070928BDE9AC009B8D35 /* Assets.xcassets */; };
		2391070D28BDE9AC009B8D35 /* LaunchScreen.storyboard in Resources */ = {isa = PBXBuildFile; fileRef = 2391070B28BDE9AC009B8D35 /* LaunchScreen.storyboard */; };
		2391071F28BDEFFD009B8D35 /* Input.swift in Sources */ = {isa = PBXBuildFile; fileRef = 2391071E28BDEFFD009B8D35 /* Input.swift */; };
		2391072128BDF00C009B8D35 /* Output.swift in Sources */ = {isa = PBXBuildFile; fileRef = 2391072028BDF00C009B8D35 /* Output.swift */; };
		2391072F28BDF156009B8D35 /* BaseView.swift in Sources */ = {isa = PBXBuildFile; fileRef = 2391072E28BDF156009B8D35 /* BaseView.swift */; };
		2391073128BDF164009B8D35 /* BaseViewController.swift in Sources */ = {isa = PBXBuildFile; fileRef = 2391073028BDF164009B8D35 /* BaseViewController.swift */; };
		2391073328BDF187009B8D35 /* UIViewController+.swift in Sources */ = {isa = PBXBuildFile; fileRef = 2391073228BDF187009B8D35 /* UIViewController+.swift */; };
		2391073528BDF1DB009B8D35 /* BaseViewModel.swift in Sources */ = {isa = PBXBuildFile; fileRef = 2391073428BDF1DB009B8D35 /* BaseViewModel.swift */; };
		2391073728BDF1F8009B8D35 /* BaseNavigationController.swift in Sources */ = {isa = PBXBuildFile; fileRef = 2391073628BDF1F8009B8D35 /* BaseNavigationController.swift */; };
		2391073928BDF463009B8D35 /* MainVC.swift in Sources */ = {isa = PBXBuildFile; fileRef = 2391073828BDF463009B8D35 /* MainVC.swift */; };
		7BF4A33429BA15008FF9A9DC /* Pods_P_Alarm.framework in Frameworks */ = {isa = PBXBuildFile; fileRef = A1E1D795F2742F0D1B72A8E2 /* Pods_P_Alarm.framework */; };
/* End PBXBuildFile section */

/* Begin PBXFileReference section */
		239106FD28BDE9AB009B8D35 /* P-Alarm.app */ = {isa = PBXFileReference; explicitFileType = wrapper.application; includeInIndex = 0; path = "P-Alarm.app"; sourceTree = BUILT_PRODUCTS_DIR; };
		2391070028BDE9AB009B8D35 /* AppDelegate.swift */ = {isa = PBXFileReference; lastKnownFileType = sourcecode.swift; path = AppDelegate.swift; sourceTree = "<group>"; };
		2391070928BDE9AC009B8D35 /* Assets.xcassets */ = {isa = PBXFileReference; lastKnownFileType = folder.assetcatalog; path = Assets.xcassets; sourceTree = "<group>"; };
		2391070C28BDE9AC009B8D35 /* Base */ = {isa = PBXFileReference; lastKnownFileType = file.storyboard; name = Base; path = Base.lproj/LaunchScreen.storyboard; sourceTree = "<group>"; };
		2391070E28BDE9AC009B8D35 /* Info.plist */ = {isa = PBXFileReference; lastKnownFileType = text.plist.xml; path = Info.plist; sourceTree = "<group>"; };
		2391071E28BDEFFD009B8D35 /* Input.swift */ = {isa = PBXFileReference; lastKnownFileType = sourcecode.swift; path = Input.swift; sourceTree = "<group>"; };
		2391072028BDF00C009B8D35 /* Output.swift */ = {isa = PBXFileReference; lastKnownFileType = sourcecode.swift; path = Output.swift; sourceTree = "<group>"; };
		2391072E28BDF156009B8D35 /* BaseView.swift */ = {isa = PBXFileReference; lastKnownFileType = sourcecode.swift; path = BaseView.swift; sourceTree = "<group>"; };
		2391073028BDF164009B8D35 /* BaseViewController.swift */ = {isa = PBXFileReference; lastKnownFileType = sourcecode.swift; path = BaseViewController.swift; sourceTree = "<group>"; };
		2391073228BDF187009B8D35 /* UIViewController+.swift */ = {isa = PBXFileReference; lastKnownFileType = sourcecode.swift; path = "UIViewController+.swift"; sourceTree = "<group>"; };
		2391073428BDF1DB009B8D35 /* BaseViewModel.swift */ = {isa = PBXFileReference; lastKnownFileType = sourcecode.swift; path = BaseViewModel.swift; sourceTree = "<group>"; };
		2391073628BDF1F8009B8D35 /* BaseNavigationController.swift */ = {isa = PBXFileReference; lastKnownFileType = sourcecode.swift; path = BaseNavigationController.swift; sourceTree = "<group>"; };
		2391073828BDF463009B8D35 /* MainVC.swift */ = {isa = PBXFileReference; lastKnownFileType = sourcecode.swift; path = MainVC.swift; sourceTree = "<group>"; };
		327709914E8133BC3392DCD8 /* Pods-P-Alarm.debug.xcconfig */ = {isa = PBXFileReference; includeInIndex = 1; lastKnownFileType = text.xcconfig; name = "Pods-P-Alarm.debug.xcconfig"; path = "Target Support Files/Pods-P-Alarm/Pods-P-Alarm.debug.xcconfig"; sourceTree = "<group>"; };
		642476EF7405DB18BED65532 /* Pods-P-Alarm.release.xcconfig */ = {isa = PBXFileReference; includeInIndex = 1; lastKnownFileType = text.xcconfig; name = "Pods-P-Alarm.release.xcconfig"; path = "Target Support Files/Pods-P-Alarm/Pods-P-Alarm.release.xcconfig"; sourceTree = "<group>"; };
		A1E1D795F2742F0D1B72A8E2 /* Pods_P_Alarm.framework */ = {isa = PBXFileReference; explicitFileType = wrapper.framework; includeInIndex = 0; path = Pods_P_Alarm.framework; sourceTree = BUILT_PRODUCTS_DIR; };
/* End PBXFileReference section */

/* Begin PBXFrameworksBuildPhase section */
		239106FA28BDE9AB009B8D35 /* Frameworks */ = {
			isa = PBXFrameworksBuildPhase;
			buildActionMask = 2147483647;
			files = (
				7BF4A33429BA15008FF9A9DC /* Pods_P_Alarm.framework in Frameworks */,
			);
			runOnlyForDeploymentPostprocessing = 0;
		};
/* End PBXFrameworksBuildPhase section */

/* Begin PBXGroup section */
		217A6176B67AFDCCF9C3D7B4 /* Frameworks */ = {
			isa = PBXGroup;
			children = (
				A1E1D795F2742F0D1B72A8E2 /* Pods_P_Alarm.framework */,
			);
			name = Frameworks;
			sourceTree = "<group>";
		};
		239106F428BDE9AB009B8D35 = {
			isa = PBXGroup;
			children = (
				239106FF28BDE9AB009B8D35 /* P-Alarm */,
				239106FE28BDE9AB009B8D35 /* Products */,
				6A63B0D5B34CA4841A146C6A /* Pods */,
				217A6176B67AFDCCF9C3D7B4 /* Frameworks */,
			);
			sourceTree = "<group>";
		};
		239106FE28BDE9AB009B8D35 /* Products */ = {
			isa = PBXGroup;
			children = (
				239106FD28BDE9AB009B8D35 /* P-Alarm.app */,
			);
			name = Products;
			sourceTree = "<group>";
		};
		239106FF28BDE9AB009B8D35 /* P-Alarm */ = {
			isa = PBXGroup;
			children = (
				2391071428BDEF7E009B8D35 /* Global */,
				2391071528BDEF85009B8D35 /* Screen */,
				2391071628BDEF95009B8D35 /* Support */,
				2391070B28BDE9AC009B8D35 /* LaunchScreen.storyboard */,
			);
			path = "P-Alarm";
			sourceTree = "<group>";
		};
		2391071428BDEF7E009B8D35 /* Global */ = {
			isa = PBXGroup;
			children = (
				2391071D28BDEFED009B8D35 /* Foundation */,
				2391071C28BDEFE8009B8D35 /* Extension */,
				2391071928BDEFD8009B8D35 /* Class */,
			);
			path = Global;
			sourceTree = "<group>";
		};
		2391071528BDEF85009B8D35 /* Screen */ = {
			isa = PBXGroup;
			children = (
				2391073828BDF463009B8D35 /* MainVC.swift */,
			);
			path = Screen;
			sourceTree = "<group>";
		};
		2391071628BDEF95009B8D35 /* Support */ = {
			isa = PBXGroup;
			children = (
				2391070028BDE9AB009B8D35 /* AppDelegate.swift */,
				2391070928BDE9AC009B8D35 /* Assets.xcassets */,
				2391070E28BDE9AC009B8D35 /* Info.plist */,
			);
			path = Support;
			sourceTree = "<group>";
		};
		2391071928BDEFD8009B8D35 /* Class */ = {
			isa = PBXGroup;
			children = (
				2391072E28BDF156009B8D35 /* BaseView.swift */,
				2391073028BDF164009B8D35 /* BaseViewController.swift */,
				2391073428BDF1DB009B8D35 /* BaseViewModel.swift */,
				2391073628BDF1F8009B8D35 /* BaseNavigationController.swift */,
			);
			path = Class;
			sourceTree = "<group>";
		};
		2391071C28BDEFE8009B8D35 /* Extension */ = {
			isa = PBXGroup;
			children = (
				2391073228BDF187009B8D35 /* UIViewController+.swift */,
			);
			path = Extension;
			sourceTree = "<group>";
		};
		2391071D28BDEFED009B8D35 /* Foundation */ = {
			isa = PBXGroup;
			children = (
				2391071E28BDEFFD009B8D35 /* Input.swift */,
				2391072028BDF00C009B8D35 /* Output.swift */,
			);
			path = Foundation;
			sourceTree = "<group>";
		};
		6A63B0D5B34CA4841A146C6A /* Pods */ = {
			isa = PBXGroup;
			children = (
				327709914E8133BC3392DCD8 /* Pods-P-Alarm.debug.xcconfig */,
				642476EF7405DB18BED65532 /* Pods-P-Alarm.release.xcconfig */,
			);
			path = Pods;
			sourceTree = "<group>";
		};
/* End PBXGroup section */

/* Begin PBXNativeTarget section */
		239106FC28BDE9AB009B8D35 /* P-Alarm */ = {
			isa = PBXNativeTarget;
			buildConfigurationList = 2391071128BDE9AC009B8D35 /* Build configuration list for PBXNativeTarget "P-Alarm" */;
			buildPhases = (
				01CDBFDDD37195A73060184C /* [CP] Check Pods Manifest.lock */,
				239106F928BDE9AB009B8D35 /* Sources */,
				239106FA28BDE9AB009B8D35 /* Frameworks */,
				239106FB28BDE9AB009B8D35 /* Resources */,
				3761AB1C6F323C7F8B064AF9 /* [CP] Embed Pods Frameworks */,
			);
			buildRules = (
			);
			dependencies = (
			);
			name = "P-Alarm";
			productName = "P-Alarm";
			productReference = 239106FD28BDE9AB009B8D35 /* P-Alarm.app */;
			productType = "com.apple.product-type.application";
		};
/* End PBXNativeTarget section */

/* Begin PBXProject section */
		239106F528BDE9AB009B8D35 /* Project object */ = {
			isa = PBXProject;
			attributes = {
				BuildIndependentTargetsInParallel = 1;
				LastSwiftUpdateCheck = 1340;
				LastUpgradeCheck = 1340;
				TargetAttributes = {
					239106FC28BDE9AB009B8D35 = {
						CreatedOnToolsVersion = 13.4.1;
					};
				};
			};
			buildConfigurationList = 239106F828BDE9AB009B8D35 /* Build configuration list for PBXProject "P-Alarm" */;
			compatibilityVersion = "Xcode 13.0";
			developmentRegion = en;
			hasScannedForEncodings = 0;
			knownRegions = (
				en,
				Base,
			);
			mainGroup = 239106F428BDE9AB009B8D35;
			productRefGroup = 239106FE28BDE9AB009B8D35 /* Products */;
			projectDirPath = "";
			projectRoot = "";
			targets = (
				239106FC28BDE9AB009B8D35 /* P-Alarm */,
			);
		};
/* End PBXProject section */

/* Begin PBXResourcesBuildPhase section */
		239106FB28BDE9AB009B8D35 /* Resources */ = {
			isa = PBXResourcesBuildPhase;
			buildActionMask = 2147483647;
			files = (
				2391070D28BDE9AC009B8D35 /* LaunchScreen.storyboard in Resources */,
				2391070A28BDE9AC009B8D35 /* Assets.xcassets in Resources */,
			);
			runOnlyForDeploymentPostprocessing = 0;
		};
/* End PBXResourcesBuildPhase section */

/* Begin PBXShellScriptBuildPhase section */
		01CDBFDDD37195A73060184C /* [CP] Check Pods Manifest.lock */ = {
			isa = PBXShellScriptBuildPhase;
			buildActionMask = 2147483647;
			files = (
			);
			inputFileListPaths = (
			);
			inputPaths = (
				"${PODS_PODFILE_DIR_PATH}/Podfile.lock",
				"${PODS_ROOT}/Manifest.lock",
			);
			name = "[CP] Check Pods Manifest.lock";
			outputFileListPaths = (
			);
			outputPaths = (
				"$(DERIVED_FILE_DIR)/Pods-P-Alarm-checkManifestLockResult.txt",
			);
			runOnlyForDeploymentPostprocessing = 0;
			shellPath = /bin/sh;
			shellScript = "diff \"${PODS_PODFILE_DIR_PATH}/Podfile.lock\" \"${PODS_ROOT}/Manifest.lock\" > /dev/null\nif [ $? != 0 ] ; then\n    # print error to STDERR\n    echo \"error: The sandbox is not in sync with the Podfile.lock. Run 'pod install' or update your CocoaPods installation.\" >&2\n    exit 1\nfi\n# This output is used by Xcode 'outputs' to avoid re-running this script phase.\necho \"SUCCESS\" > \"${SCRIPT_OUTPUT_FILE_0}\"\n";
			showEnvVarsInLog = 0;
		};
		3761AB1C6F323C7F8B064AF9 /* [CP] Embed Pods Frameworks */ = {
			isa = PBXShellScriptBuildPhase;
			buildActionMask = 2147483647;
			files = (
			);
			inputFileListPaths = (
				"${PODS_ROOT}/Target Support Files/Pods-P-Alarm/Pods-P-Alarm-frameworks-${CONFIGURATION}-input-files.xcfilelist",
			);
			name = "[CP] Embed Pods Frameworks";
			outputFileListPaths = (
				"${PODS_ROOT}/Target Support Files/Pods-P-Alarm/Pods-P-Alarm-frameworks-${CONFIGURATION}-output-files.xcfilelist",
			);
			runOnlyForDeploymentPostprocessing = 0;
			shellPath = /bin/sh;
			shellScript = "\"${PODS_ROOT}/Target Support Files/Pods-P-Alarm/Pods-P-Alarm-frameworks.sh\"\n";
			showEnvVarsInLog = 0;
		};
/* End PBXShellScriptBuildPhase section */

/* Begin PBXSourcesBuildPhase section */
		239106F928BDE9AB009B8D35 /* Sources */ = {
			isa = PBXSourcesBuildPhase;
			buildActionMask = 2147483647;
			files = (
				2391072128BDF00C009B8D35 /* Output.swift in Sources */,
				2391071F28BDEFFD009B8D35 /* Input.swift in Sources */,
				2391072F28BDF156009B8D35 /* BaseView.swift in Sources */,
				2391073328BDF187009B8D35 /* UIViewController+.swift in Sources */,
				2391073928BDF463009B8D35 /* MainVC.swift in Sources */,
				2391073528BDF1DB009B8D35 /* BaseViewModel.swift in Sources */,
				2391073128BDF164009B8D35 /* BaseViewController.swift in Sources */,
				2391073728BDF1F8009B8D35 /* BaseNavigationController.swift in Sources */,
				2391070128BDE9AB009B8D35 /* AppDelegate.swift in Sources */,
			);
			runOnlyForDeploymentPostprocessing = 0;
		};
/* End PBXSourcesBuildPhase section */

/* Begin PBXVariantGroup section */
		2391070B28BDE9AC009B8D35 /* LaunchScreen.storyboard */ = {
			isa = PBXVariantGroup;
			children = (
				2391070C28BDE9AC009B8D35 /* Base */,
			);
			name = LaunchScreen.storyboard;
			sourceTree = "<group>";
		};
/* End PBXVariantGroup section */

/* Begin XCBuildConfiguration section */
		2391070F28BDE9AC009B8D35 /* Debug */ = {
			isa = XCBuildConfiguration;
			buildSettings = {
				ALWAYS_SEARCH_USER_PATHS = NO;
				CLANG_ANALYZER_NONNULL = YES;
				CLANG_ANALYZER_NUMBER_OBJECT_CONVERSION = YES_AGGRESSIVE;
				CLANG_CXX_LANGUAGE_STANDARD = "gnu++17";
				CLANG_ENABLE_MODULES = YES;
				CLANG_ENABLE_OBJC_ARC = YES;
				CLANG_ENABLE_OBJC_WEAK = YES;
				CLANG_WARN_BLOCK_CAPTURE_AUTORELEASING = YES;
				CLANG_WARN_BOOL_CONVERSION = YES;
				CLANG_WARN_COMMA = YES;
				CLANG_WARN_CONSTANT_CONVERSION = YES;
				CLANG_WARN_DEPRECATED_OBJC_IMPLEMENTATIONS = YES;
				CLANG_WARN_DIRECT_OBJC_ISA_USAGE = YES_ERROR;
				CLANG_WARN_DOCUMENTATION_COMMENTS = YES;
				CLANG_WARN_EMPTY_BODY = YES;
				CLANG_WARN_ENUM_CONVERSION = YES;
				CLANG_WARN_INFINITE_RECURSION = YES;
				CLANG_WARN_INT_CONVERSION = YES;
				CLANG_WARN_NON_LITERAL_NULL_CONVERSION = YES;
				CLANG_WARN_OBJC_IMPLICIT_RETAIN_SELF = YES;
				CLANG_WARN_OBJC_LITERAL_CONVERSION = YES;
				CLANG_WARN_OBJC_ROOT_CLASS = YES_ERROR;
				CLANG_WARN_QUOTED_INCLUDE_IN_FRAMEWORK_HEADER = YES;
				CLANG_WARN_RANGE_LOOP_ANALYSIS = YES;
				CLANG_WARN_STRICT_PROTOTYPES = YES;
				CLANG_WARN_SUSPICIOUS_MOVE = YES;
				CLANG_WARN_UNGUARDED_AVAILABILITY = YES_AGGRESSIVE;
				CLANG_WARN_UNREACHABLE_CODE = YES;
				CLANG_WARN__DUPLICATE_METHOD_MATCH = YES;
				COPY_PHASE_STRIP = NO;
				DEBUG_INFORMATION_FORMAT = dwarf;
				ENABLE_STRICT_OBJC_MSGSEND = YES;
				ENABLE_TESTABILITY = YES;
				GCC_C_LANGUAGE_STANDARD = gnu11;
				GCC_DYNAMIC_NO_PIC = NO;
				GCC_NO_COMMON_BLOCKS = YES;
				GCC_OPTIMIZATION_LEVEL = 0;
				GCC_PREPROCESSOR_DEFINITIONS = (
					"DEBUG=1",
					"$(inherited)",
				);
				GCC_WARN_64_TO_32_BIT_CONVERSION = YES;
				GCC_WARN_ABOUT_RETURN_TYPE = YES_ERROR;
				GCC_WARN_UNDECLARED_SELECTOR = YES;
				GCC_WARN_UNINITIALIZED_AUTOS = YES_AGGRESSIVE;
				GCC_WARN_UNUSED_FUNCTION = YES;
				GCC_WARN_UNUSED_VARIABLE = YES;
				IPHONEOS_DEPLOYMENT_TARGET = 15.5;
				MTL_ENABLE_DEBUG_INFO = INCLUDE_SOURCE;
				MTL_FAST_MATH = YES;
				ONLY_ACTIVE_ARCH = YES;
				SDKROOT = iphoneos;
				SWIFT_ACTIVE_COMPILATION_CONDITIONS = DEBUG;
				SWIFT_OPTIMIZATION_LEVEL = "-Onone";
			};
			name = Debug;
		};
		2391071028BDE9AC009B8D35 /* Release */ = {
			isa = XCBuildConfiguration;
			buildSettings = {
				ALWAYS_SEARCH_USER_PATHS = NO;
				CLANG_ANALYZER_NONNULL = YES;
				CLANG_ANALYZER_NUMBER_OBJECT_CONVERSION = YES_AGGRESSIVE;
				CLANG_CXX_LANGUAGE_STANDARD = "gnu++17";
				CLANG_ENABLE_MODULES = YES;
				CLANG_ENABLE_OBJC_ARC = YES;
				CLANG_ENABLE_OBJC_WEAK = YES;
				CLANG_WARN_BLOCK_CAPTURE_AUTORELEASING = YES;
				CLANG_WARN_BOOL_CONVERSION = YES;
				CLANG_WARN_COMMA = YES;
				CLANG_WARN_CONSTANT_CONVERSION = YES;
				CLANG_WARN_DEPRECATED_OBJC_IMPLEMENTATIONS = YES;
				CLANG_WARN_DIRECT_OBJC_ISA_USAGE = YES_ERROR;
				CLANG_WARN_DOCUMENTATION_COMMENTS = YES;
				CLANG_WARN_EMPTY_BODY = YES;
				CLANG_WARN_ENUM_CONVERSION = YES;
				CLANG_WARN_INFINITE_RECURSION = YES;
				CLANG_WARN_INT_CONVERSION = YES;
				CLANG_WARN_NON_LITERAL_NULL_CONVERSION = YES;
				CLANG_WARN_OBJC_IMPLICIT_RETAIN_SELF = YES;
				CLANG_WARN_OBJC_LITERAL_CONVERSION = YES;
				CLANG_WARN_OBJC_ROOT_CLASS = YES_ERROR;
				CLANG_WARN_QUOTED_INCLUDE_IN_FRAMEWORK_HEADER = YES;
				CLANG_WARN_RANGE_LOOP_ANALYSIS = YES;
				CLANG_WARN_STRICT_PROTOTYPES = YES;
				CLANG_WARN_SUSPICIOUS_MOVE = YES;
				CLANG_WARN_UNGUARDED_AVAILABILITY = YES_AGGRESSIVE;
				CLANG_WARN_UNREACHABLE_CODE = YES;
				CLANG_WARN__DUPLICATE_METHOD_MATCH = YES;
				COPY_PHASE_STRIP = NO;
				DEBUG_INFORMATION_FORMAT = "dwarf-with-dsym";
				ENABLE_NS_ASSERTIONS = NO;
				ENABLE_STRICT_OBJC_MSGSEND = YES;
				GCC_C_LANGUAGE_STANDARD = gnu11;
				GCC_NO_COMMON_BLOCKS = YES;
				GCC_WARN_64_TO_32_BIT_CONVERSION = YES;
				GCC_WARN_ABOUT_RETURN_TYPE = YES_ERROR;
				GCC_WARN_UNDECLARED_SELECTOR = YES;
				GCC_WARN_UNINITIALIZED_AUTOS = YES_AGGRESSIVE;
				GCC_WARN_UNUSED_FUNCTION = YES;
				GCC_WARN_UNUSED_VARIABLE = YES;
				IPHONEOS_DEPLOYMENT_TARGET = 15.5;
				MTL_ENABLE_DEBUG_INFO = NO;
				MTL_FAST_MATH = YES;
				SDKROOT = iphoneos;
				SWIFT_COMPILATION_MODE = wholemodule;
				SWIFT_OPTIMIZATION_LEVEL = "-O";
				VALIDATE_PRODUCT = YES;
			};
			name = Release;
		};
		2391071228BDE9AC009B8D35 /* Debug */ = {
			isa = XCBuildConfiguration;
			baseConfigurationReference = 327709914E8133BC3392DCD8 /* Pods-P-Alarm.debug.xcconfig */;
			buildSettings = {
				ASSETCATALOG_COMPILER_APPICON_NAME = AppIcon;
				ASSETCATALOG_COMPILER_GLOBAL_ACCENT_COLOR_NAME = AccentColor;
				CODE_SIGN_STYLE = Automatic;
				CURRENT_PROJECT_VERSION = 1;
				DEVELOPMENT_TEAM = U2Z5Z44P4R;
				GENERATE_INFOPLIST_FILE = YES;
				INFOPLIST_FILE = "P-Alarm/Support/Info.plist";
				INFOPLIST_KEY_UIApplicationSupportsIndirectInputEvents = YES;
				INFOPLIST_KEY_UILaunchStoryboardName = LaunchScreen;
				INFOPLIST_KEY_UISupportedInterfaceOrientations_iPad = "UIInterfaceOrientationPortrait UIInterfaceOrientationPortraitUpsideDown UIInterfaceOrientationLandscapeLeft UIInterfaceOrientationLandscapeRight";
				INFOPLIST_KEY_UISupportedInterfaceOrientations_iPhone = "UIInterfaceOrientationPortrait UIInterfaceOrientationLandscapeLeft UIInterfaceOrientationLandscapeRight";
				LD_RUNPATH_SEARCH_PATHS = (
					"$(inherited)",
					"@executable_path/Frameworks",
				);
				MARKETING_VERSION = 1.0;
				PRODUCT_BUNDLE_IDENTIFIER = "com.hyk0425.P-Alarm";
				PRODUCT_NAME = "$(TARGET_NAME)";
				SWIFT_EMIT_LOC_STRINGS = YES;
				SWIFT_VERSION = 5.0;
				TARGETED_DEVICE_FAMILY = "1,2";
			};
			name = Debug;
		};
		2391071328BDE9AC009B8D35 /* Release */ = {
			isa = XCBuildConfiguration;
			baseConfigurationReference = 642476EF7405DB18BED65532 /* Pods-P-Alarm.release.xcconfig */;
			buildSettings = {
				ASSETCATALOG_COMPILER_APPICON_NAME = AppIcon;
				ASSETCATALOG_COMPILER_GLOBAL_ACCENT_COLOR_NAME = AccentColor;
				CODE_SIGN_STYLE = Automatic;
				CURRENT_PROJECT_VERSION = 1;
				DEVELOPMENT_TEAM = U2Z5Z44P4R;
				GENERATE_INFOPLIST_FILE = YES;
				INFOPLIST_FILE = "P-Alarm/Support/Info.plist";
				INFOPLIST_KEY_UIApplicationSupportsIndirectInputEvents = YES;
				INFOPLIST_KEY_UILaunchStoryboardName = LaunchScreen;
				INFOPLIST_KEY_UISupportedInterfaceOrientations_iPad = "UIInterfaceOrientationPortrait UIInterfaceOrientationPortraitUpsideDown UIInterfaceOrientationLandscapeLeft UIInterfaceOrientationLandscapeRight";
				INFOPLIST_KEY_UISupportedInterfaceOrientations_iPhone = "UIInterfaceOrientationPortrait UIInterfaceOrientationLandscapeLeft UIInterfaceOrientationLandscapeRight";
				LD_RUNPATH_SEARCH_PATHS = (
					"$(inherited)",
					"@executable_path/Frameworks",
				);
				MARKETING_VERSION = 1.0;
				PRODUCT_BUNDLE_IDENTIFIER = "com.hyk0425.P-Alarm";
				PRODUCT_NAME = "$(TARGET_NAME)";
				SWIFT_EMIT_LOC_STRINGS = YES;
				SWIFT_VERSION = 5.0;
				TARGETED_DEVICE_FAMILY = "1,2";
			};
			name = Release;
		};
/* End XCBuildConfiguration section */

/* Begin XCConfigurationList section */
		239106F828BDE9AB009B8D35 /* Build configuration list for PBXProject "P-Alarm" */ = {
			isa = XCConfigurationList;
			buildConfigurations = (
				2391070F28BDE9AC009B8D35 /* Debug */,
				2391071028BDE9AC009B8D35 /* Release */,
			);
			defaultConfigurationIsVisible = 0;
			defaultConfigurationName = Release;
		};
		2391071128BDE9AC009B8D35 /* Build configuration list for PBXNativeTarget "P-Alarm" */ = {
			isa = XCConfigurationList;
			buildConfigurations = (
				2391071228BDE9AC009B8D35 /* Debug */,
				2391071328BDE9AC009B8D35 /* Release */,
			);
			defaultConfigurationIsVisible = 0;
			defaultConfigurationName = Release;
		};
/* End XCConfigurationList section */
	};
	rootObject = 239106F528BDE9AB009B8D35 /* Project object */;
}
